{
  "version": 4,
  "terraform_version": "1.15.8",
  "serial": 18,
  "lineage": "fe87f32b-73f1-d9f8-c37e-daeeac8227b9",
  "outputs": {
    "raw_bucket_name": {
      "value": "dockerex_test",
      "type": "string"
    }
  },
  "resources": [
    {
      "mode": "managed",
      "type": "google_storage_bucket",
      "name": "processed",
      "provider": "provider[\"registry.terraform.io/hashicorp/google\"]",
      "instances": [
        {
          "schema_version": 4,
          "attributes": {
            "autoclass": [],
            "cors": [],
            "custom_placement_config": [],
            "default_event_based_hold": false,
            "deletion_policy": "DELETE",
            "effective_labels": {
              "environment": "dev",
              "goog-terraform-provisioned": "true",
              "source_bucket": "dockerex_test"
            },
            "enable_object_retention": false,
            "encryption": [],
            "force_destroy": false,
            "hierarchical_namespace": [
              {
                "enabled": false
              }
            ],
            "id": "dockerex_processed",
            "ip_filter": [],
            "labels": {
              "environment": "dev",
              "source_bucket": "dockerex_test"
            },
            "lifecycle_rule": [],
            "location": "US-CENTRAL1",
            "logging": [],
            "name": "dockerex_processed",
            "project": "spread-tutorial-414816",
            "project_number": 832755893633,
            "public_access_prevention": "inherited",
            "requester_pays": false,
            "retention_policy": [],
            "rpo": null,
            "self_link": "https://www.googleapis.com/storage/v1/b/dockerex_processed",
            "soft_delete_policy": [
              {
                "effective_time": "2026-09-16T01:14:52.505Z",
                "retention_duration_seconds": 604800
              }
            ],
            "storage_class": "STANDARD",
            "terraform_labels": {
              "environment": "dev",
              "goog-terraform-provisioned": "true",
              "source_bucket": "dockerex_test"
            },
            "time_created": "2026-09-16T01:14:52.505Z",
            "timeouts": null,
            "uniform_bucket_level_access": true,
            "updated": "2026-09-16T01:14:52.505Z",
            "url": "gs://dockerex_processed",
            "versioning": [],
            "website": []
          },
          "sensitive_attributes": [],
          "identity_schema_version": 1,
          "identity": {
            "name": "dockerex_processed",
            "project": "spread-tutorial-414816"
          },
          "private": "eyJlMmJmYjczMC1lY2FhLTExZTYtOGY4OC0zNDM2M2JjN2M0YzAiOnsiY3JlYXRlIjo2MDAwMDAwMDAwMDAsInJlYWQiOjI0MDAwMDAwMDAwMCwidXBkYXRlIjoyNDAwMDAwMDAwMDB9LCJzY2hlbWFfdmVyc2lvbiI6IjQifQ==",
          "dependencies": [
            "google_storage_bucket.raw"
          ]
        }
      ]
    },
    {
      "mode": "managed",
      "type": "google_storage_bucket",
      "name": "raw",
      "provider": "provider[\"registry.terraform.io/hashicorp/google\"]",
      "instances": [
        {
          "schema_version": 4,
          "attributes": {
            "autoclass": [],
            "cors": [],
            "custom_placement_config": [],
            "default_event_based_hold": false,
            "deletion_policy": "DELETE",
            "effective_labels": {
              "environment": "dev",
              "goog-terraform-provisioned": "true"
            },
            "enable_object_retention": false,
            "encryption": [],
            "force_destroy": false,
            "hierarchical_namespace": [
              {
                "enabled": false
              }
            ],
            "id": "dockerex_test",
            "ip_filter": [],
            "labels": {
              "environment": "dev"
            },
            "lifecycle_rule": [],
            "location": "US-CENTRAL1",
            "logging": [],
            "name": "dockerex_test",
            "project": "spread-tutorial-414816",
            "project_number": 832755893633,
            "public_access_prevention": "inherited",
            "requester_pays": false,
            "retention_policy": [],
            "rpo": null,
            "self_link": "https://www.googleapis.com/storage/v1/b/dockerex_test",
            "soft_delete_policy": [
              {
                "effective_time": "2026-09-16T01:14:47.667Z",
                "retention_duration_seconds": 604800
              }
            ],
            "storage_class": "STANDARD",
            "terraform_labels": {
              "environment": "dev",
              "goog-terraform-provisioned": "true"
            },
            "time_created": "2026-09-16T01:14:47.667Z",
            "timeouts": null,
            "uniform_bucket_level_access": true,
            "updated": "2026-09-16T01:14:47.667Z",
            "url": "gs://dockerex_test",
            "versioning": [],
            "website": []
          },
          "sensitive_attributes": [],
          "identity_schema_version": 1,
          "identity": {
            "name": "dockerex_test",
            "project": "spread-tutorial-414816"
          },
          "private": "eyJlMmJmYjczMC1lY2FhLTExZTYtOGY4OC0zNDM2M2JjN2M0YzAiOnsiY3JlYXRlIjo2MDAwMDAwMDAwMDAsInJlYWQiOjI0MDAwMDAwMDAwMCwidXBkYXRlIjoyNDAwMDAwMDAwMDB9LCJzY2hlbWFfdmVyc2lvbiI6IjQifQ=="
        }
      ]
    }
  ],
  "check_results": null
}
